// !$*UTF8*$!
{
	archiveVersion = 1;
	classes = {
	};
	objectVersion = 46;
	objects = {

/* Begin PBXBuildFile section */
		FBB0788D1C730F2A00366E72 /* main.m in Sources */ = {isa = PBXBuildFile; fileRef = FBB0788C1C730F2A00366E72 /* main.m */; };
		FBB078901C730F2A00366E72 /* AppDelegate.m in Sources */ = {isa = PBXBuildFile; fileRef = FBB0788F1C730F2A00366E72 /* AppDelegate.m */; };
		FBB078961C730F2A00366E72 /* Main.storyboard in Resources */ = {isa = PBXBuildFile; fileRef = FBB078941C730F2A00366E72 /* Main.storyboard */; };
		FBB078981C730F2A00366E72 /* Assets.xcassets in Resources */ = {isa = PBXBuildFile; fileRef = FBB078971C730F2A00366E72 /* Assets.xcassets */; };
		FBB0789B1C730F2A00366E72 /* LaunchScreen.storyboard in Resources */ = {isa = PBXBuildFile; fileRef = FBB078991C730F2A00366E72 /* LaunchScreen.storyboard */; };
		FBB078A41C730F5A00366E72 /* imgres-1.jpg in Resources */ = {isa = PBXBuildFile; fileRef = FBB078A21C730F5A00366E72 /* imgres-1.jpg */; };
		FBB078A51C730F5A00366E72 /* pic1.png in Resources */ = {isa = PBXBuildFile; fileRef = FBB078A31C730F5A00366E72 /* pic1.png */; };
		FBB078AA1C730F7400366E72 /* ViewController.m in Sources */ = {isa = PBXBuildFile; fileRef = FBB078A71C730F7400366E72 /* ViewController.m */; };
		FBB078AB1C730F7400366E72 /* TwoViewController.m in Sources */ = {isa = PBXBuildFile; fileRef = FBB078A91C730F7400366E72 /* TwoViewController.m */; };
		FBB078AE1C730FA600366E72 /* BubbleTransition.m in Sources */ = {isa = PBXBuildFile; fileRef = FBB078AD1C730FA600366E72 /* BubbleTransition.m */; };
/* End PBXBuildFile section */

/* Begin PBXFileReference section */
		FBB078881C730F2A00366E72 /* BubbleTransitionOC.app */ = {isa = PBXFileReference; explicitFileType = wrapper.application; includeInIndex = 0; path = BubbleTransitionOC.app; sourceTree = BUILT_PRODUCTS_DIR; };
		FBB0788C1C730F2A00366E72 /* main.m */ = {isa = PBXFileReference; lastKnownFileType = sourcecode.c.objc; path = main.m; sourceTree = "<group>"; };
		FBB0788E1C730F2A00366E72 /* AppDelegate.h */ = {isa = PBXFileReference; lastKnownFileType = sourcecode.c.h; path = AppDelegate.h; sourceTree = "<group>"; };
		FBB0788F1C730F2A00366E72 /* AppDelegate.m */ = {isa = PBXFileReference; lastKnownFileType = sourcecode.c.objc; path = AppDelegate.m; sourceTree = "<group>"; };
		FBB078951C730F2A00366E72 /* Base */ = {isa = PBXFileReference; lastKnownFileType = file.storyboard; name = Base; path = Base.lproj/Main.storyboard; sourceTree = "<group>"; };
		FBB078971C730F2A00366E72 /* Assets.xcassets */ = {isa = PBXFileReference; lastKnownFileType = folder.assetcatalog; path = Assets.xcassets; sourceTree = "<group>"; };
		FBB0789A1C730F2A00366E72 /* Base */ = {isa = PBXFileReference; lastKnownFileType = file.storyboard; name = Base; path = Base.lproj/LaunchScreen.storyboard; sourceTree = "<group>"; };
		FBB0789C1C730F2A00366E72 /* Info.plist */ = {isa = PBXFileReference; lastKnownFileType = text.plist.xml; path = Info.plist; sourceTree = "<group>"; };
		FBB078A21C730F5A00366E72 /* imgres-1.jpg */ = {isa = PBXFileReference; lastKnownFileType = image.jpeg; path = "imgres-1.jpg"; sourceTree = "<group>"; };
		FBB078A31C730F5A00366E72 /* pic1.png */ = {isa = PBXFileReference; lastKnownFileType = image.png; path = pic1.png; sourceTree = "<group>"; };
		FBB078A61C730F7400366E72 /* ViewController.h */ = {isa = PBXFileReference; fileEncoding = 4; lastKnownFileType = sourcecode.c.h; path = ViewController.h; sourceTree = "<group>"; };
		FBB078A71C730F7400366E72 /* ViewController.m */ = {isa = PBXFileReference; fileEncoding = 4; lastKnownFileType = sourcecode.c.objc; path = ViewController.m; sourceTree = "<group>"; };
		FBB078A81C730F7400366E72 /* TwoViewController.h */ = {isa = PBXFileReference; fileEncoding = 4; lastKnownFileType = sourcecode.c.h; path = TwoViewController.h; sourceTree = "<group>"; };
		FBB078A91C730F7400366E72 /* TwoViewController.m */ = {isa = PBXFileReference; fileEncoding = 4; lastKnownFileType = sourcecode.c.objc; path = TwoViewController.m; sourceTree = "<group>"; };
		FBB078AC1C730FA600366E72 /* BubbleTransition.h */ = {isa = PBXFileReference; fileEncoding = 4; lastKnownFileType = sourcecode.c.h; path = BubbleTransition.h; sourceTree = "<group>"; };
		FBB078AD1C730FA600366E72 /* BubbleTransition.m */ = {isa = PBXFileReference; fileEncoding = 4; lastKnownFileType = sourcecode.c.objc; path = BubbleTransition.m; sourceTree = "<group>"; };
/* End PBXFileReference section */

/* Begin PBXFrameworksBuildPhase section */
		FBB078851C730F2A00366E72 /* Frameworks */ = {
			isa = PBXFrameworksBuildPhase;
			buildActionMask = 2147483647;
			files = (
			);
			runOnlyForDeploymentPostprocessing = 0;
		};
/* End PBXFrameworksBuildPhase section */

/* Begin PBXGroup section */
		FBB0787F1C730F2A00366E72 = {
			isa = PBXGroup;
			children = (
				FBB0788A1C730F2A00366E72 /* BubbleTransitionOC */,
				FBB078891C730F2A00366E72 /* Products */,
			);
			sourceTree = "<group>";
		};
		FBB078891C730F2A00366E72 /* Products */ = {
			isa = PBXGroup;
			children = (
				FBB078881C730F2A00366E72 /* BubbleTransitionOC.app */,
			);
			name = Products;
			sourceTree = "<group>";
		};
		FBB0788A1C730F2A00366E72 /* BubbleTransitionOC */ = {
			isa = PBXGroup;
			children = (
				FBB0788E1C730F2A00366E72 /* AppDelegate.h */,
				FBB0788F1C730F2A00366E72 /* AppDelegate.m */,
				FBB078A61C730F7400366E72 /* ViewController.h */,
				FBB078A71C730F7400366E72 /* ViewController.m */,
				FBB078A81C730F7400366E72 /* TwoViewController.h */,
				FBB078A91C730F7400366E72 /* TwoViewController.m */,
				FBB078AC1C730FA600366E72 /* BubbleTransition.h */,
				FBB078AD1C730FA600366E72 /* BubbleTransition.m */,
				FBB078941C730F2A00366E72 /* Main.storyboard */,
				FBB078A21C730F5A00366E72 /* imgres-1.jpg */,
				FBB078A31C730F5A00366E72 /* pic1.png */,
				FBB078971C730F2A00366E72 /* Assets.xcassets */,
				FBB078991C730F2A00366E72 /* LaunchScreen.storyboard */,
				FBB0789C1C730F2A00366E72 /* Info.plist */,
				FBB0788B1C730F2A00366E72 /* Supporting Files */,
			);
			path = BubbleTransitionOC;
			sourceTree = "<group>";
		};
		FBB0788B1C730F2A00366E72 /* Supporting Files */ = {
			isa = PBXGroup;
			children = (
				FBB0788C1C730F2A00366E72 /* main.m */,
			);
			name = "Supporting Files";
			sourceTree = "<group>";
		};
/* End PBXGroup section */

/* Begin PBXNativeTarget section */
		FBB078871C730F2A00366E72 /* BubbleTransitionOC */ = {
			isa = PBXNativeTarget;
			buildConfigurationList = FBB0789F1C730F2A00366E72 /* Build configuration list for PBXNativeTarget "BubbleTransitionOC" */;
			buildPhases = (
				FBB078841C730F2A00366E72 /* Sources */,
				FBB078851C730F2A00366E72 /* Frameworks */,
				FBB078861C730F2A00366E72 /* Resources */,
			);
			buildRules = (
			);
			dependencies = (
			);
			name = BubbleTransitionOC;
			productName = BubbleTransitionOC;
			productReference = FBB078881C730F2A00366E72 /* BubbleTransitionOC.app */;
			productType = "com.apple.product-type.application";
		};
/* End PBXNativeTarget section */

/* Begin PBXProject section */
		FBB078801C730F2A00366E72 /* Project object */ = {
			isa = PBXProject;
			attributes = {
				LastUpgradeCheck = 0720;
				ORGANIZATIONNAME = SNde;
				TargetAttributes = {
					FBB078871C730F2A00366E72 = {
						CreatedOnToolsVersion = 7.2;
					};
				};
			};
			buildConfigurationList = FBB078831C730F2A00366E72 /* Build configuration list for PBXProject "BubbleTransitionOC" */;
			compatibilityVersion = "Xcode 3.2";
			developmentRegion = English;
			hasScannedForEncodings = 0;
			knownRegions = (
				en,
				Base,
			);
			mainGroup = FBB0787F1C730F2A00366E72;
			productRefGroup = FBB078891C730F2A00366E72 /* Products */;
			projectDirPath = "";
			projectRoot = "";
			targets = (
				FBB078871C730F2A00366E72 /* BubbleTransitionOC */,
			);
		};
/* End PBXProject section */

/* Begin PBXResourcesBuildPhase section */
		FBB078861C730F2A00366E72 /* Resources */ = {
			isa = PBXResourcesBuildPhase;
			buildActionMask = 2147483647;
			files = (
				FBB078A41C730F5A00366E72 /* imgres-1.jpg in Resources */,
				FBB078A51C730F5A00366E72 /* pic1.png in Resources */,
				FBB0789B1C730F2A00366E72 /* LaunchScreen.storyboard in Resources */,
				FBB078981C730F2A00366E72 /* Assets.xcassets in Resources */,
				FBB078961C730F2A00366E72 /* Main.storyboard in Resources */,
			);
			runOnlyForDeploymentPostprocessing = 0;
		};
/* End PBXResourcesBuildPhase section */

/* Begin PBXSourcesBuildPhase section */
		FBB078841C730F2A00366E72 /* Sources */ = {
			isa = PBXSourcesBuildPhase;
			buildActionMask = 2147483647;
			files = (
				FBB078AA1C730F7400366E72 /* ViewController.m in Sources */,
				FBB078901C730F2A00366E72 /* AppDelegate.m in Sources */,
				FBB0788D1C730F2A00366E72 /* main.m in Sources */,
				FBB078AB1C730F7400366E72 /* TwoViewController.m in Sources */,
				FBB078AE1C730FA600366E72 /* BubbleTransition.m in Sources */,
			);
			runOnlyForDeploymentPostprocessing = 0;
		};
/* End PBXSourcesBuildPhase section */

/* Begin PBXVariantGroup section */
		FBB078941C730F2A00366E72 /* Main.storyboard */ = {
			isa = PBXVariantGroup;
			children = (
				FBB078951C730F2A00366E72 /* Base */,
			);
			name = Main.storyboard;
			sourceTree = "<group>";
		};
		FBB078991C730F2A00366E72 /* LaunchScreen.storyboard */ = {
			isa = PBXVariantGroup;
			children = (
				FBB0789A1C730F2A00366E72 /* Base */,
			);
			name = LaunchScreen.storyboard;
			sourceTree = "<group>";
		};
/* End PBXVariantGroup section */

/* Begin XCBuildConfiguration section */
		FBB0789D1C730F2A00366E72 /* Debug */ = {
			isa = XCBuildConfiguration;
			buildSettings = {
				ALWAYS_SEARCH_USER_PATHS = NO;
				CLANG_CXX_LANGUAGE_STANDARD = "gnu++0x";
				CLANG_CXX_LIBRARY = "libc++";
				CLANG_ENABLE_MODULES = YES;
				CLANG_ENABLE_OBJC_ARC = YES;
				CLANG_WARN_BOOL_CONVERSION = YES;
				CLANG_WARN_CONSTANT_CONVERSION = YES;
				CLANG_WARN_DIRECT_OBJC_ISA_USAGE = YES_ERROR;
				CLANG_WARN_EMPTY_BODY = YES;
				CLANG_WARN_ENUM_CONVERSION = YES;
				CLANG_WARN_INT_CONVERSION = YES;
				CLANG_WARN_OBJC_ROOT_CLASS = YES_ERROR;
				CLANG_WARN_UNREACHABLE_CODE = YES;
				CLANG_WARN__DUPLICATE_METHOD_MATCH = YES;
				"CODE_SIGN_IDENTITY[sdk=iphoneos*]" = "iPhone Developer";
				COPY_PHASE_STRIP = NO;
				DEBUG_INFORMATION_FORMAT = dwarf;
				ENABLE_STRICT_OBJC_MSGSEND = YES;
				ENABLE_TESTABILITY = YES;
				GCC_C_LANGUAGE_STANDARD = gnu99;
				GCC_DYNAMIC_NO_PIC = NO;
				GCC_NO_COMMON_BLOCKS = YES;
				GCC_OPTIMIZATION_LEVEL = 0;
				GCC_PREPROCESSOR_DEFINITIONS = (
					"DEBUG=1",
					"$(inherited)",
				);
				GCC_WARN_64_TO_32_BIT_CONVERSION = YES;
				GCC_WARN_ABOUT_RETURN_TYPE = YES_ERROR;
				GCC_WARN_UNDECLARED_SELECTOR = YES;
				GCC_WARN_UNINITIALIZED_AUTOS = YES_AGGRESSIVE;
				GCC_WARN_UNUSED_FUNCTION = YES;
				GCC_WARN_UNUSED_VARIABLE = YES;
				IPHONEOS_DEPLOYMENT_TARGET = 6.0;
				MTL_ENABLE_DEBUG_INFO = YES;
				ONLY_ACTIVE_ARCH = YES;
				SDKROOT = iphoneos;
				TARGETED_DEVICE_FAMILY = "1,2";
			};
			name = Debug;
		};
		FBB0789E1C730F2A00366E72 /* Release */ = {
			isa = XCBuildConfiguration;
			buildSettings = {
				ALWAYS_SEARCH_USER_PATHS = NO;
				CLANG_CXX_LANGUAGE_STANDARD = "gnu++0x";
				CLANG_CXX_LIBRARY = "libc++";
				CLANG_ENABLE_MODULES = YES;
				CLANG_ENABLE_OBJC_ARC = YES;
				CLANG_WARN_BOOL_CONVERSION = YES;
				CLANG_WARN_CONSTANT_CONVERSION = YES;
				CLANG_WARN_DIRECT_OBJC_ISA_USAGE = YES_ERROR;
				CLANG_WARN_EMPTY_BODY = YES;
				CLANG_WARN_ENUM_CONVERSION = YES;
				CLANG_WARN_INT_CONVERSION = YES;
				CLANG_WARN_OBJC_ROOT_CLASS = YES_ERROR;
				CLANG_WARN_UNREACHABLE_CODE = YES;
				CLANG_WARN__DUPLICATE_METHOD_MATCH = YES;
				"CODE_SIGN_IDENTITY[sdk=iphoneos*]" = "iPhone Developer";
				COPY_PHASE_STRIP = NO;
				DEBUG_INFORMATION_FORMAT = "dwarf-with-dsym";
				ENABLE_NS_ASSERTIONS = NO;
				ENABLE_STRICT_OBJC_MSGSEND = YES;
				GCC_C_LANGUAGE_STANDARD = gnu99;
				GCC_NO_COMMON_BLOCKS = YES;
				GCC_WARN_64_TO_32_BIT_CONVERSION = YES;
				GCC_WARN_ABOUT_RETURN_TYPE = YES_ERROR;
				GCC_WARN_UNDECLARED_SELECTOR = YES;
				GCC_WARN_UNINITIALIZED_AUTOS = YES_AGGRESSIVE;
				GCC_WARN_UNUSED_FUNCTION = YES;
				GCC_WARN_UNUSED_VARIABLE = YES;
				IPHONEOS_DEPLOYMENT_TARGET = 6.0;
				MTL_ENABLE_DEBUG_INFO = NO;
				SDKROOT = iphoneos;
				TARGETED_DEVICE_FAMILY = "1,2";
				VALIDATE_PRODUCT = YES;
			};
			name = Release;
		};
		FBB078A01C730F2A00366E72 /* Debug */ = {
			isa = XCBuildConfiguration;
			buildSettings = {
				ASSETCATALOG_COMPILER_APPICON_NAME = AppIcon;
				INFOPLIST_FILE = BubbleTransitionOC/Info.plist;
				IPHONEOS_DEPLOYMENT_TARGET = 6.0;
				LD_RUNPATH_SEARCH_PATHS = "$(inherited) @executable_path/Frameworks";
				PRODUCT_BUNDLE_IDENTIFIER = com.SNde.BubbleTransitionOC;
				PRODUCT_NAME = "$(TARGET_NAME)";
			};
			name = Debug;
		};
		FBB078A11C730F2A00366E72 /* Release */ = {
			isa = XCBuildConfiguration;
			buildSettings = {
				ASSETCATALOG_COMPILER_APPICON_NAME = AppIcon;
				INFOPLIST_FILE = BubbleTransitionOC/Info.plist;
				IPHONEOS_DEPLOYMENT_TARGET = 6.0;
				LD_RUNPATH_SEARCH_PATHS = "$(inherited) @executable_path/Frameworks";
				PRODUCT_BUNDLE_IDENTIFIER = com.SNde.BubbleTransitionOC;
				PRODUCT_NAME = "$(TARGET_NAME)";
			};
			name = Release;
		};
/* End XCBuildConfiguration section */

/* Begin XCConfigurationList section */
		FBB078831C730F2A00366E72 /* Build configuration list for PBXProject "BubbleTransitionOC" */ = {
			isa = XCConfigurationList;
			buildConfigurations = (
				FBB0789D1C730F2A00366E72 /* Debug */,
				FBB0789E1C730F2A00366E72 /* Release */,
			);
			defaultConfigurationIsVisible = 0;
			defaultConfigurationName = Release;
		};
		FBB0789F1C730F2A00366E72 /* Build configuration list for PBXNativeTarget "BubbleTransitionOC" */ = {
			isa = XCConfigurationList;
			buildConfigurations = (
				FBB078A01C730F2A00366E72 /* Debug */,
				FBB078A11C730F2A00366E72 /* Release */,
			);
			defaultConfigurationIsVisible = 0;
		};
/* End XCConfigurationList section */
	};
	rootObject = FBB078801C730F2A00366E72 /* Project object */;
}
